
Microsoft Visual Studio Solution File, Format Version 12.00
# Visual Studio Version 17
VisualStudioVersion = 17.1.32421.90
MinimumVisualStudioVersion = 10.0.40219.1
Project("{FAE04EC0-301F-11D3-BF4B-00C04F79EFBC}") = "CryptographyInNET6.1RandomNumber", "CryptographyInNET6.1RandomNumber\CryptographyInNET6.1RandomNumber.csproj", "{DE2FF5C7-8499-4B6B-ADBC-242B724840FE}"
EndProject
Global
	GlobalSection(SolutionConfigurationPlatforms) = preSolution
		Debug|Any CPU = Debug|Any CPU
		Release|Any CPU = Release|Any CPU
	EndGlobalSection
	GlobalSection(ProjectConfigurationPlatforms) = postSolution
		{DE2FF5C7-8499-4B6B-ADBC-242B724840FE}.Debug|Any CPU.ActiveCfg = Debug|Any CPU
		{DE2FF5C7-8499-4B6B-ADBC-242B724840FE}.Debug|Any CPU.Build.0 = Debug|Any CPU
		{DE2FF5C7-8499-4B6B-ADBC-242B724840FE}.Release|Any CPU.ActiveCfg = Release|Any CPU
		{DE2FF5C7-8499-4B6B-ADBC-242B724840FE}.Release|Any CPU.Build.0 = Release|Any CPU
	EndGlobalSection
	GlobalSection(SolutionProperties) = preSolution
		HideSolutionNode = FALSE
	EndGlobalSection
	GlobalSection(ExtensibilityGlobals) = postSolution
		SolutionGuid = {DB46C580-F7CD-4E55-88B0-98F33E822EEF}
	EndGlobalSection
EndGlobal
